{
  "name": "nestjs-guard-grpc",
  "version": "1.0.0",
  "lockfileVersion": 1,
  "requires": true,
  "dependencies": {
    "@jest/types": {
      "version": "25.3.0",
      "resolved": "https://registry.npmjs.org/@jest/types/-/types-25.3.0.tgz",
      "integrity": "sha512-UkaDNewdqXAmCDbN2GlUM6amDKS78eCqiw/UmF5nE0mmLTd6moJkiZJML/X52Ke3LH7Swhw883IRXq8o9nWjVw==",
      "requires": {
        "@types/istanbul-lib-coverage": "^2.0.0",
        "@types/istanbul-reports": "^1.1.1",
        "@types/yargs": "^15.0.0",
        "chalk": "^3.0.0"
      }
    },
    "@nestjs/common": {
      "version": "7.0.7",
      "resolved": "https://registry.npmjs.org/@nestjs/common/-/common-7.0.7.tgz",
      "integrity": "sha512-qAYtNtEv5GvHOeHEJVYOHYeqT+vVMW4YM63D8xWAAkQRcFUFDO9oRzi+Y27gRA1nY7DfgMk2OO5bD4+OzIm//g==",
      "requires": {
        "axios": "0.19.2",
        "cli-color": "2.0.0",
        "iterare": "1.2.0",
        "tslib": "1.11.1",
        "uuid": "7.0.2"
      }
    },
    "@nestjs/testing": {
      "version": "7.0.7",
      "resolved": "https://registry.npmjs.org/@nestjs/testing/-/testing-7.0.7.tgz",
      "integrity": "sha512-Qh6hXmRihHTNR5kzqvVmdFeRhhgpIeZxWibQoS+fvLqy8uLf2yoEAJge49eRgI4OSzAwEa/DkeovhMW/idxfFw==",
      "requires": {
        "optional": "0.1.4",
        "tslib": "1.11.1"
      }
    },
    "@types/color-name": {
      "version": "1.1.1",
      "resolved": "https://registry.npmjs.org/@types/color-name/-/color-name-1.1.1.tgz",
      "integrity": "sha512-rr+OQyAjxze7GgWrSaJwydHStIhHq2lvY3BOC2Mj7KnzI7XK0Uw1TOOdI9lDoajEbSWLiYgoo4f1R51erQfhPQ=="
    },
    "@types/istanbul-lib-coverage": {
      "version": "2.0.1",
      "resolved": "https://registry.npmjs.org/@types/istanbul-lib-coverage/-/istanbul-lib-coverage-2.0.1.tgz",
      "integrity": "sha512-hRJD2ahnnpLgsj6KWMYSrmXkM3rm2Dl1qkx6IOFD5FnuNPXJIG5L0dhgKXCYTRMGzU4n0wImQ/xfmRc4POUFlg=="
    },
    "@types/istanbul-lib-report": {
      "version": "3.0.0",
      "resolved": "https://registry.npmjs.org/@types/istanbul-lib-report/-/istanbul-lib-report-3.0.0.tgz",
      "integrity": "sha512-plGgXAPfVKFoYfa9NpYDAkseG+g6Jr294RqeqcqDixSbU34MZVJRi/P+7Y8GDpzkEwLaGZZOpKIEmeVZNtKsrg==",
      "requires": {
        "@types/istanbul-lib-coverage": "*"
      }
    },
    "@types/istanbul-reports": {
      "version": "1.1.1",
      "resolved": "https://registry.npmjs.org/@types/istanbul-reports/-/istanbul-reports-1.1.1.tgz",
      "integrity": "sha512-UpYjBi8xefVChsCoBpKShdxTllC9pwISirfoZsUa2AAdQg/Jd2KQGtSbw+ya7GPo7x/wAPlH6JBhKhAsXUEZNA==",
      "requires": {
        "@types/istanbul-lib-coverage": "*",
        "@types/istanbul-lib-report": "*"
      }
    },
    "@types/jest": {
      "version": "25.2.1",
      "resolved": "https://registry.npmjs.org/@types/jest/-/jest-25.2.1.tgz",
      "integrity": "sha512-msra1bCaAeEdkSyA0CZ6gW1ukMIvZ5YoJkdXw/qhQdsuuDlFTcEUrUw8CLCPt2rVRUfXlClVvK2gvPs9IokZaA==",
      "requires": {
        "jest-diff": "^25.2.1",
        "pretty-format": "^25.2.1"
      }
    },
    "@types/yargs": {
      "version": "15.0.4",
      "resolved": "https://registry.npmjs.org/@types/yargs/-/yargs-15.0.4.tgz",
      "integrity": "sha512-9T1auFmbPZoxHz0enUFlUuKRy3it01R+hlggyVUMtnCTQRunsQYifnSGb8hET4Xo8yiC0o0r1paW3ud5+rbURg==",
      "requires": {
        "@types/yargs-parser": "*"
      }
    },
    "@types/yargs-parser": {
      "version": "15.0.0",
      "resolved": "https://registry.npmjs.org/@types/yargs-parser/-/yargs-parser-15.0.0.tgz",
      "integrity": "sha512-FA/BWv8t8ZWJ+gEOnLLd8ygxH/2UFbAvgEonyfN6yWGLKc7zVjbpl2Y4CTjid9h2RfgPP6SEt6uHwEOply00yw=="
    },
    "ansi-regex": {
      "version": "2.1.1",
      "resolved": "https://registry.npmjs.org/ansi-regex/-/ansi-regex-2.1.1.tgz",
      "integrity": "sha1-w7M6te42DYbg5ijwRorn7yfWVN8="
    },
    "ansi-styles": {
      "version": "4.2.1",
      "resolved": "https://registry.npmjs.org/ansi-styles/-/ansi-styles-4.2.1.tgz",
      "integrity": "sha512-9VGjrMsG1vePxcSweQsN20KY/c4zN0h9fLjqAbwbPfahM3t+NL+M9HC8xeXG2I8pX5NoamTGNuomEUFI7fcUjA==",
      "requires": {
        "@types/color-name": "^1.1.1",
        "color-convert": "^2.0.1"
      }
    },
    "axios": {
      "version": "0.19.2",
      "resolved": "https://registry.npmjs.org/axios/-/axios-0.19.2.tgz",
      "integrity": "sha512-fjgm5MvRHLhx+osE2xoekY70AhARk3a6hkN+3Io1jc00jtquGvxYlKlsFUhmUET0V5te6CcZI7lcv2Ym61mjHA==",
      "requires": {
        "follow-redirects": "1.5.10"
      }
    },
    "chalk": {
      "version": "3.0.0",
      "resolved": "https://registry.npmjs.org/chalk/-/chalk-3.0.0.tgz",
      "integrity": "sha512-4D3B6Wf41KOYRFdszmDqMCGq5VV/uMAB273JILmO+3jAlh8X4qDtdtgCR3fxtbLEMzSx22QdhnDcJvu2u1fVwg==",
      "requires": {
        "ansi-styles": "^4.1.0",
        "supports-color": "^7.1.0"
      }
    },
    "cli-color": {
      "version": "2.0.0",
      "resolved": "https://registry.npmjs.org/cli-color/-/cli-color-2.0.0.tgz",
      "integrity": "sha512-a0VZ8LeraW0jTuCkuAGMNufareGHhyZU9z8OGsW0gXd1hZGi1SRuNRXdbGkraBBKnhyUhyebFWnRbp+dIn0f0A==",
      "requires": {
        "ansi-regex": "^2.1.1",
        "d": "^1.0.1",
        "es5-ext": "^0.10.51",
        "es6-iterator": "^2.0.3",
        "memoizee": "^0.4.14",
        "timers-ext": "^0.1.7"
      }
    },
    "color-convert": {
      "version": "2.0.1",
      "resolved": "https://registry.npmjs.org/color-convert/-/color-convert-2.0.1.tgz",
      "integrity": "sha512-RRECPsj7iu/xb5oKYcsFHSppFNnsj/52OVTRKb4zP5onXwVF3zVmmToNcOfGC+CRDpfK/U584fMg38ZHCaElKQ==",
      "requires": {
        "color-name": "~1.1.4"
      }
    },
    "color-name": {
      "version": "1.1.4",
      "resolved": "https://registry.npmjs.org/color-name/-/color-name-1.1.4.tgz",
      "integrity": "sha512-dOy+3AuW3a2wNbZHIuMZpTcgjGuLU/uBL/ubcZF9OXbDo8ff4O8yVp5Bf0efS8uEoYo5q4Fx7dY9OgQGXgAsQA=="
    },
    "d": {
      "version": "1.0.1",
      "resolved": "https://registry.npmjs.org/d/-/d-1.0.1.tgz",
      "integrity": "sha512-m62ShEObQ39CfralilEQRjH6oAMtNCV1xJyEx5LpRYUVN+EviphDgUc/F3hnYbADmkiNs67Y+3ylmlG7Lnu+FA==",
      "requires": {
        "es5-ext": "^0.10.50",
        "type": "^1.0.1"
      }
    },
    "debug": {
      "version": "3.1.0",
      "resolved": "https://registry.npmjs.org/debug/-/debug-3.1.0.tgz",
      "integrity": "sha512-OX8XqP7/1a9cqkxYw2yXss15f26NKWBpDXQd0/uK/KPqdQhxbPa994hnzjcE2VqQpDslf55723cKPUOGSmMY3g==",
      "requires": {
        "ms": "2.0.0"
      }
    },
    "diff-sequences": {
      "version": "25.2.6",
      "resolved": "https://registry.npmjs.org/diff-sequences/-/diff-sequences-25.2.6.tgz",
      "integrity": "sha512-Hq8o7+6GaZeoFjtpgvRBUknSXNeJiCx7V9Fr94ZMljNiCr9n9L8H8aJqgWOQiDDGdyn29fRNcDdRVJ5fdyihfg=="
    },
    "es5-ext": {
      "version": "0.10.53",
      "resolved": "https://registry.npmjs.org/es5-ext/-/es5-ext-0.10.53.tgz",
      "integrity": "sha512-Xs2Stw6NiNHWypzRTY1MtaG/uJlwCk8kH81920ma8mvN8Xq1gsfhZvpkImLQArw8AHnv8MT2I45J3c0R8slE+Q==",
      "requires": {
        "es6-iterator": "~2.0.3",
        "es6-symbol": "~3.1.3",
        "next-tick": "~1.0.0"
      }
    },
    "es6-iterator": {
      "version": "2.0.3",
      "resolved": "https://registry.npmjs.org/es6-iterator/-/es6-iterator-2.0.3.tgz",
      "integrity": "sha1-p96IkUGgWpSwhUQDstCg+/qY87c=",
      "requires": {
        "d": "1",
        "es5-ext": "^0.10.35",
        "es6-symbol": "^3.1.1"
      }
    },
    "es6-symbol": {
      "version": "3.1.3",
      "resolved": "https://registry.npmjs.org/es6-symbol/-/es6-symbol-3.1.3.tgz",
      "integrity": "sha512-NJ6Yn3FuDinBaBRWl/q5X/s4koRHBrgKAu+yGI6JCBeiu3qrcbJhwT2GeR/EXVfylRk8dpQVJoLEFhK+Mu31NA==",
      "requires": {
        "d": "^1.0.1",
        "ext": "^1.1.2"
      }
    },
    "es6-weak-map": {
      "version": "2.0.3",
      "resolved": "https://registry.npmjs.org/es6-weak-map/-/es6-weak-map-2.0.3.tgz",
      "integrity": "sha512-p5um32HOTO1kP+w7PRnB+5lQ43Z6muuMuIMffvDN8ZB4GcnjLBV6zGStpbASIMk4DCAvEaamhe2zhyCb/QXXsA==",
      "requires": {
        "d": "1",
        "es5-ext": "^0.10.46",
        "es6-iterator": "^2.0.3",
        "es6-symbol": "^3.1.1"
      }
    },
    "event-emitter": {
      "version": "0.3.5",
      "resolved": "https://registry.npmjs.org/event-emitter/-/event-emitter-0.3.5.tgz",
      "integrity": "sha1-34xp7vFkeSPHFXuc6DhAYQsCzDk=",
      "requires": {
        "d": "1",
        "es5-ext": "~0.10.14"
      }
    },
    "ext": {
      "version": "1.4.0",
      "resolved": "https://registry.npmjs.org/ext/-/ext-1.4.0.tgz",
      "integrity": "sha512-Key5NIsUxdqKg3vIsdw9dSuXpPCQ297y6wBjL30edxwPgt2E44WcWBZey/ZvUc6sERLTxKdyCu4gZFmUbk1Q7A==",
      "requires": {
        "type": "^2.0.0"
      },
      "dependencies": {
        "type": {
          "version": "2.0.0",
          "resolved": "https://registry.npmjs.org/type/-/type-2.0.0.tgz",
          "integrity": "sha512-KBt58xCHry4Cejnc2ISQAF7QY+ORngsWfxezO68+12hKV6lQY8P/psIkcbjeHWn7MqcgciWJyCCevFMJdIXpow=="
        }
      }
    },
    "follow-redirects": {
      "version": "1.5.10",
      "resolved": "https://registry.npmjs.org/follow-redirects/-/follow-redirects-1.5.10.tgz",
      "integrity": "sha512-0V5l4Cizzvqt5D44aTXbFZz+FtyXV1vrDN6qrelxtfYQKW0KO0W2T/hkE8xvGa/540LkZlkaUjO4ailYTFtHVQ==",
      "requires": {
        "debug": "=3.1.0"
      }
    },
    "has-flag": {
      "version": "4.0.0",
      "resolved": "https://registry.npmjs.org/has-flag/-/has-flag-4.0.0.tgz",
      "integrity": "sha512-EykJT/Q1KjTWctppgIAgfSO0tKVuZUjhgMr17kqTumMl6Afv3EISleU7qZUzoXDFTAHTDC4NOoG/ZxU3EvlMPQ=="
    },
    "is-promise": {
      "version": "2.1.0",
      "resolved": "https://registry.npmjs.org/is-promise/-/is-promise-2.1.0.tgz",
      "integrity": "sha1-eaKp7OfwlugPNtKy87wWwf9L8/o="
    },
    "iterare": {
      "version": "1.2.0",
      "resolved": "https://registry.npmjs.org/iterare/-/iterare-1.2.0.tgz",
      "integrity": "sha512-RxMV9p/UzdK0Iplnd8mVgRvNdXlsTOiuDrqMRnDi3wIhbT+JP4xDquAX9ay13R3CH72NBzQ91KWe0+C168QAyQ=="
    },
    "jest-diff": {
      "version": "25.3.0",
      "resolved": "https://registry.npmjs.org/jest-diff/-/jest-diff-25.3.0.tgz",
      "integrity": "sha512-vyvs6RPoVdiwARwY4kqFWd4PirPLm2dmmkNzKqo38uZOzJvLee87yzDjIZLmY1SjM3XR5DwsUH+cdQ12vgqi1w==",
      "requires": {
        "chalk": "^3.0.0",
        "diff-sequences": "^25.2.6",
        "jest-get-type": "^25.2.6",
        "pretty-format": "^25.3.0"
      }
    },
    "jest-get-type": {
      "version": "25.2.6",
      "resolved": "https://registry.npmjs.org/jest-get-type/-/jest-get-type-25.2.6.tgz",
      "integrity": "sha512-DxjtyzOHjObRM+sM1knti6or+eOgcGU4xVSb2HNP1TqO4ahsT+rqZg+nyqHWJSvWgKC5cG3QjGFBqxLghiF/Ig=="
    },
    "lru-queue": {
      "version": "0.1.0",
      "resolved": "https://registry.npmjs.org/lru-queue/-/lru-queue-0.1.0.tgz",
      "integrity": "sha1-Jzi9nw089PhEkMVzbEhpmsYyzaM=",
      "requires": {
        "es5-ext": "~0.10.2"
      }
    },
    "memoizee": {
      "version": "0.4.14",
      "resolved": "https://registry.npmjs.org/memoizee/-/memoizee-0.4.14.tgz",
      "integrity": "sha512-/SWFvWegAIYAO4NQMpcX+gcra0yEZu4OntmUdrBaWrJncxOqAziGFlHxc7yjKVK2uu3lpPW27P27wkR82wA8mg==",
      "requires": {
        "d": "1",
        "es5-ext": "^0.10.45",
        "es6-weak-map": "^2.0.2",
        "event-emitter": "^0.3.5",
        "is-promise": "^2.1",
        "lru-queue": "0.1",
        "next-tick": "1",
        "timers-ext": "^0.1.5"
      }
    },
    "ms": {
      "version": "2.0.0",
      "resolved": "https://registry.npmjs.org/ms/-/ms-2.0.0.tgz",
      "integrity": "sha1-VgiurfwAvmwpAd9fmGF4jeDVl8g="
    },
    "next-tick": {
      "version": "1.0.0",
      "resolved": "https://registry.npmjs.org/next-tick/-/next-tick-1.0.0.tgz",
      "integrity": "sha1-yobR/ogoFpsBICCOPchCS524NCw="
    },
    "optional": {
      "version": "0.1.4",
      "resolved": "https://registry.npmjs.org/optional/-/optional-0.1.4.tgz",
      "integrity": "sha512-gtvrrCfkE08wKcgXaVwQVgwEQ8vel2dc5DDBn9RLQZ3YtmtkBss6A2HY6BnJH4N/4Ku97Ri/SF8sNWE2225WJw=="
    },
    "pretty-format": {
      "version": "25.3.0",
      "resolved": "https://registry.npmjs.org/pretty-format/-/pretty-format-25.3.0.tgz",
      "integrity": "sha512-wToHwF8bkQknIcFkBqNfKu4+UZqnrLn/Vr+wwKQwwvPzkBfDDKp/qIabFqdgtoi5PEnM8LFByVsOrHoa3SpTVA==",
      "requires": {
        "@jest/types": "^25.3.0",
        "ansi-regex": "^5.0.0",
        "ansi-styles": "^4.0.0",
        "react-is": "^16.12.0"
      },
      "dependencies": {
        "ansi-regex": {
          "version": "5.0.0",
          "resolved": "https://registry.npmjs.org/ansi-regex/-/ansi-regex-5.0.0.tgz",
          "integrity": "sha512-bY6fj56OUQ0hU1KjFNDQuJFezqKdrAyFdIevADiqrWHwSlbmBNMHp5ak2f40Pm8JTFyM2mqxkG6ngkHO11f/lg=="
        }
      }
    },
    "react-is": {
      "version": "16.13.1",
      "resolved": "https://registry.npmjs.org/react-is/-/react-is-16.13.1.tgz",
      "integrity": "sha512-24e6ynE2H+OKt4kqsOvNd8kBpV65zoxbA4BVsEOB3ARVWQki/DHzaUoC5KuON/BiccDaCCTZBuOcfZs70kR8bQ=="
    },
    "supports-color": {
      "version": "7.1.0",
      "resolved": "https://registry.npmjs.org/supports-color/-/supports-color-7.1.0.tgz",
      "integrity": "sha512-oRSIpR8pxT1Wr2FquTNnGet79b3BWljqOuoW/h4oBhxJ/HUbX5nX6JSruTkvXDCFMwDPvsaTTbvMLKZWSy0R5g==",
      "requires": {
        "has-flag": "^4.0.0"
      }
    },
    "timers-ext": {
      "version": "0.1.7",
      "resolved": "https://registry.npmjs.org/timers-ext/-/timers-ext-0.1.7.tgz",
      "integrity": "sha512-b85NUNzTSdodShTIbky6ZF02e8STtVVfD+fu4aXXShEELpozH+bCpJLYMPZbsABN2wDH7fJpqIoXxJpzbf0NqQ==",
      "requires": {
        "es5-ext": "~0.10.46",
        "next-tick": "1"
      }
    },
    "tslib": {
      "version": "1.11.1",
      "resolved": "https://registry.npmjs.org/tslib/-/tslib-1.11.1.tgz",
      "integrity": "sha512-aZW88SY8kQbU7gpV19lN24LtXh/yD4ZZg6qieAJDDg+YBsJcSmLGK9QpnUjAKVG/xefmvJGd1WUmfpT/g6AJGA=="
    },
    "type": {
      "version": "1.2.0",
      "resolved": "https://registry.npmjs.org/type/-/type-1.2.0.tgz",
      "integrity": "sha512-+5nt5AAniqsCnu2cEQQdpzCAh33kVx8n0VoFidKpB1dVVLAN/F+bgVOqOJqOnEnrhp222clB5p3vUlD+1QAnfg=="
    },
    "uuid": {
      "version": "7.0.2",
      "resolved": "https://registry.npmjs.org/uuid/-/uuid-7.0.2.tgz",
      "integrity": "sha512-vy9V/+pKG+5ZTYKf+VcphF5Oc6EFiu3W8Nv3P3zIh0EqVI80ZxOzuPfe9EHjkFNvf8+xuTHVeei4Drydlx4zjw=="
    }
  }
}
